
Microsoft Visual Studio Solution File, Format Version 12.00
# Visual Studio Version 16
VisualStudioVersion = 16.0.31321.278
MinimumVisualStudioVersion = 10.0.40219.1
Project("{FAE04EC0-301F-11D3-BF4B-00C04F79EFBC}") = "ToolHorrografia", "ToolHorrografia\ToolHorrografia.csproj", "{1CAD27F7-1D85-4FCD-A3B8-A803FABE0A2C}"
EndProject
Global
	GlobalSection(SolutionConfigurationPlatforms) = preSolution
		Debug|Any CPU = Debug|Any CPU
		Release|Any CPU = Release|Any CPU
	EndGlobalSection
	GlobalSection(ProjectConfigurationPlatforms) = postSolution
		{1CAD27F7-1D85-4FCD-A3B8-A803FABE0A2C}.Debug|Any CPU.ActiveCfg = Debug|Any CPU
		{1CAD27F7-1D85-4FCD-A3B8-A803FABE0A2C}.Debug|Any CPU.Build.0 = Debug|Any CPU
		{1CAD27F7-1D85-4FCD-A3B8-A803FABE0A2C}.Release|Any CPU.ActiveCfg = Release|Any CPU
		{1CAD27F7-1D85-4FCD-A3B8-A803FABE0A2C}.Release|Any CPU.Build.0 = Release|Any CPU
	EndGlobalSection
	GlobalSection(SolutionProperties) = preSolution
		HideSolutionNode = FALSE
	EndGlobalSection
	GlobalSection(ExtensibilityGlobals) = postSolution
		SolutionGuid = {70DE7C1E-7D4B-430B-845C-0438CEE94942}
	EndGlobalSection
EndGlobal
